{
  "version": 4,
  "terraform_version": "0.12.26",
  "serial": 382,
  "lineage": "4f1ca7f3-b59f-8bf6-d92b-ab13e21f90b2",
  "outputs": {
    "object_link": {
      "value": "http://shivangibucket777777.s3.amazonaws.com/img.jpg",
      "type": "string"
    },
    "web_ip": {
      "value": "13.234.238.41",
      "type": "string"
    }
  },
  "resources": [
    {
      "mode": "managed",
      "type": "aws_cloudfront_distribution",
      "name": "s3_distribution",
      "provider": "provider.aws",
      "instances": [
        {
          "schema_version": 1,
          "attributes": {
            "active_trusted_signers": {
              "enabled": "false",
              "items.#": "0"
            },
            "aliases": [],
            "arn": "arn:aws:cloudfront::003832909463:distribution/E3EQLB162R8BVY",
            "cache_behavior": [],
            "caller_reference": "terraform-20200614202123972900000002",
            "comment": "Some comment",
            "custom_error_response": [],
            "default_cache_behavior": [
              {
                "allowed_methods": [
                  "DELETE",
                  "GET",
                  "HEAD",
                  "OPTIONS",
                  "PATCH",
                  "POST",
                  "PUT"
                ],
                "cached_methods": [
                  "GET",
                  "HEAD"
                ],
                "compress": false,
                "default_ttl": 3600,
                "field_level_encryption_id": "",
                "forwarded_values": [
                  {
                    "cookies": [
                      {
                        "forward": "none",
                        "whitelisted_names": []
                      }
                    ],
                    "headers": [],
                    "query_string": false,
                    "query_string_cache_keys": []
                  }
                ],
                "lambda_function_association": [],
                "max_ttl": 86400,
                "min_ttl": 0,
                "smooth_streaming": false,
                "target_origin_id": "myS3Origin",
                "trusted_signers": [],
                "viewer_protocol_policy": "allow-all"
              }
            ],
            "default_root_object": "index.html",
            "domain_name": "dnmvswoz0xnuk.cloudfront.net",
            "enabled": true,
            "etag": "EYAIOE6LZGIA4",
            "hosted_zone_id": "Z2FDTNDATAQYW2",
            "http_version": "http2",
            "id": "E3EQLB162R8BVY",
            "in_progress_validation_batches": 0,
            "is_ipv6_enabled": true,
            "last_modified_time": "2020-06-14 20:21:26.228 +0000 UTC",
            "logging_config": [],
            "ordered_cache_behavior": [],
            "origin": [
              {
                "custom_header": [],
                "custom_origin_config": [],
                "domain_name": "shivangibucket777777.s3.amazonaws.com",
                "origin_id": "myS3Origin",
                "origin_path": "",
                "s3_origin_config": [
                  {
                    "origin_access_identity": "origin-access-identity/cloudfront/E3S09S46XX2KRG"
                  }
                ]
              }
            ],
            "origin_group": [],
            "price_class": "PriceClass_All",
            "restrictions": [
              {
                "geo_restriction": [
                  {
                    "locations": [],
                    "restriction_type": "none"
                  }
                ]
              }
            ],
            "retain_on_delete": false,
            "status": "Deployed",
            "tags": {
              "Environment": "production"
            },
            "viewer_certificate": [
              {
                "acm_certificate_arn": "",
                "cloudfront_default_certificate": true,
                "iam_certificate_id": "",
                "minimum_protocol_version": "TLSv1",
                "ssl_support_method": ""
              }
            ],
            "wait_for_deployment": true,
            "web_acl_id": ""
          },
          "private": "eyJzY2hlbWFfdmVyc2lvbiI6IjEifQ==",
          "dependencies": [
            "aws_cloudfront_origin_access_identity.origin_access_identity",
            "aws_instance.web",
            "aws_key_pair.generated_key",
            "aws_s3_bucket.b",
            "aws_security_group.http_allow",
            "local_file.deploy-key",
            "tls_private_key.key"
          ]
        }
      ]
    },
    {
      "mode": "managed",
      "type": "aws_cloudfront_origin_access_identity",
      "name": "origin_access_identity",
      "provider": "provider.aws",
      "instances": [
        {
          "schema_version": 0,
          "attributes": {
            "caller_reference": "terraform-20200614201951191800000001",
            "cloudfront_access_identity_path": "origin-access-identity/cloudfront/E3S09S46XX2KRG",
            "comment": "Some comment",
            "etag": "E2RR2K7512OD7P",
            "iam_arn": "arn:aws:iam::cloudfront:user/CloudFront Origin Access Identity E3S09S46XX2KRG",
            "id": "E3S09S46XX2KRG",
            "s3_canonical_user_id": "40bdc5994a44408573c1780202e8f84665ebd801df55cd5895cda6db726a17d2f955422a51545f097408067e4ed53790"
          },
          "private": "bnVsbA=="
        }
      ]
    },
    {
      "mode": "managed",
      "type": "aws_ebs_volume",
      "name": "web_ebs",
      "provider": "provider.aws",
      "instances": [
        {
          "schema_version": 0,
          "attributes": {
            "arn": "arn:aws:ec2:ap-south-1:003832909463:volume/vol-011d512559b310bc6",
            "availability_zone": "ap-south-1a",
            "encrypted": false,
            "id": "vol-011d512559b310bc6",
            "iops": 100,
            "kms_key_id": "",
            "multi_attach_enabled": false,
            "outpost_arn": "",
            "size": 1,
            "snapshot_id": "",
            "tags": {
              "name": "web_ebs"
            },
            "type": "gp2"
          },
          "private": "bnVsbA==",
          "dependencies": [
            "aws_instance.web",
            "aws_key_pair.generated_key",
            "aws_security_group.http_allow",
            "local_file.deploy-key",
            "tls_private_key.key"
          ]
        }
      ]
    },
    {
      "mode": "managed",
      "type": "aws_instance",
      "name": "web",
      "provider": "provider.aws",
      "instances": [
        {
          "schema_version": 1,
          "attributes": {
            "ami": "ami-0447a12f28fddb066",
            "arn": "arn:aws:ec2:ap-south-1:003832909463:instance/i-0f8663f5b12da067c",
            "associate_public_ip_address": true,
            "availability_zone": "ap-south-1a",
            "cpu_core_count": 1,
            "cpu_threads_per_core": 1,
            "credit_specification": [
              {
                "cpu_credits": "standard"
              }
            ],
            "disable_api_termination": false,
            "ebs_block_device": [
              {
                "delete_on_termination": false,
                "device_name": "/dev/sdh",
                "encrypted": false,
                "iops": 100,
                "kms_key_id": "",
                "snapshot_id": "",
                "volume_id": "vol-011d512559b310bc6",
                "volume_size": 1,
                "volume_type": "gp2"
              }
            ],
            "ebs_optimized": false,
            "ephemeral_block_device": [],
            "get_password_data": false,
            "hibernation": false,
            "host_id": null,
            "iam_instance_profile": "",
            "id": "i-0f8663f5b12da067c",
            "instance_initiated_shutdown_behavior": null,
            "instance_state": "running",
            "instance_type": "t2.micro",
            "ipv6_address_count": 0,
            "ipv6_addresses": [],
            "key_name": "SecKey",
            "metadata_options": [
              {
                "http_endpoint": "enabled",
                "http_put_response_hop_limit": 1,
                "http_tokens": "optional"
              }
            ],
            "monitoring": false,
            "network_interface": [],
            "network_interface_id": null,
            "outpost_arn": "",
            "password_data": "",
            "placement_group": "",
            "primary_network_interface_id": "eni-012e49d60384dcac8",
            "private_dns": "ip-172-31-43-52.ap-south-1.compute.internal",
            "private_ip": "172.31.43.52",
            "public_dns": "ec2-13-234-238-41.ap-south-1.compute.amazonaws.com",
            "public_ip": "13.234.238.41",
            "root_block_device": [
              {
                "delete_on_termination": true,
                "device_name": "/dev/xvda",
                "encrypted": false,
                "iops": 100,
                "kms_key_id": "",
                "volume_id": "vol-04dc9ddeb403f69fd",
                "volume_size": 8,
                "volume_type": "gp2"
              }
            ],
            "security_groups": [
              "http_allow"
            ],
            "source_dest_check": true,
            "subnet_id": "subnet-82f6ccea",
            "tags": {
              "name": "first_web"
            },
            "tenancy": "default",
            "timeouts": null,
            "user_data": null,
            "user_data_base64": null,
            "volume_tags": {
              "name": "web_ebs"
            },
            "vpc_security_group_ids": [
              "sg-039359fd5fda1da80"
            ]
          },
          "private": "eyJlMmJmYjczMC1lY2FhLTExZTYtOGY4OC0zNDM2M2JjN2M0YzAiOnsiY3JlYXRlIjo2MDAwMDAwMDAwMDAsImRlbGV0ZSI6MTIwMDAwMDAwMDAwMCwidXBkYXRlIjo2MDAwMDAwMDAwMDB9LCJzY2hlbWFfdmVyc2lvbiI6IjEifQ==",
          "dependencies": [
            "aws_key_pair.generated_key",
            "aws_security_group.http_allow",
            "local_file.deploy-key",
            "tls_private_key.key"
          ]
        }
      ]
    },
    {
      "mode": "managed",
      "type": "aws_key_pair",
      "name": "generated_key",
      "provider": "provider.aws",
      "instances": [
        {
          "schema_version": 1,
          "attributes": {
            "fingerprint": "00:67:b5:9f:e8:66:0f:d7:56:8f:cb:52:c4:7a:fd:b3",
            "id": "deploy-key",
            "key_name": "deploy-key",
            "key_name_prefix": null,
            "key_pair_id": "key-079b457b92ca9655b",
            "public_key": "ssh-rsa AAAAB3NzaC1yc2EAAAADAQABAAACAQCpLKsYzckPG/CPDxUqFVyFi2t3weKZReTRL11j5rgcKlt0WKXFydbaAmaf/tMDhwZGqqRTzwAxbHH5fMea0cdqBqOY1B7hbxN6nJ52JY72CU0ZY8P3lfMgc2A5pucU8ojFq7JF50Pjt48zl9Zi6MRKAt1SVZERCj2ZflRnTdghw3FlWTDVEH5GrmfB+RqWTBACLv3gu0GWRH8jQlk+Rwajtfy8Q+ONhA9xH7nSS7uU/UGYzbH9ZT56JSlEUgCVbVY8r5PuCfYjQK2XzsUw5MV+/YuV4GYqjRUjsZb6Eh/QDjEc9sGxeZ1as5rupR/C5DLAM5F6Lul6VjPG5IU+VQzeTmlQ7HIm2pFpvneinOboDlXWjBTtUk651i8dHKgQ8QEE93Mpw45esGgLLR+bWSCaW/81Bb4Vpt9TudPEgwQHtP6b8dH8f0nKFLEyU7D6q57EIyqrODOs+QWMqF4rZEJOD4GYFjyUjVRx3/MpUGvqmh9TjhzW/ZdwkQ18ZBPHZhq8WRgOvFWFvYVV8hpB4czDOOITq64JWLlWatfpdpv6vWvnyejqpixFYo7zd4eGyP2EYC3XYf7Q4zglG0GlNG9ryT2MduEpIjdjSTDiLUabpfuFUGKJUSONNgC+J/Nqi5qGW0RnsDw8pOe70Z4DLYHX/SOUiQGs02hgTAZUAZ2k/Q==",
            "tags": {}
          },
          "private": "eyJzY2hlbWFfdmVyc2lvbiI6IjEifQ==",
          "dependencies": [
            "tls_private_key.key"
          ]
        }
      ]
    },
    {
      "mode": "managed",
      "type": "aws_s3_bucket",
      "name": "b",
      "provider": "provider.aws",
      "instances": [
        {
          "schema_version": 0,
          "attributes": {
            "acceleration_status": "",
            "acl": "public-read",
            "arn": "arn:aws:s3:::shivangibucket777777",
            "bucket": "shivangibucket777777",
            "bucket_domain_name": "shivangibucket777777.s3.amazonaws.com",
            "bucket_prefix": null,
            "bucket_regional_domain_name": "shivangibucket777777.s3.ap-south-1.amazonaws.com",
            "cors_rule": [],
            "force_destroy": false,
            "grant": [],
            "hosted_zone_id": "Z11RGJOFQNVJUP",
            "id": "shivangibucket777777",
            "lifecycle_rule": [],
            "logging": [],
            "object_lock_configuration": [],
            "policy": "{\"Id\":\"CREATEPOLICY\",\"Statement\":[{\"Action\":\"s3:*\",\"Effect\":\"Allow\",\"Principal\":\"*\",\"Resource\":\"arn:aws:s3:::shivangibucket777777/*\",\"Sid\":\"PublicReadGetObject\"}],\"Version\":\"2012-10-17\"}",
            "region": "ap-south-1",
            "replication_configuration": [],
            "request_payer": "BucketOwner",
            "server_side_encryption_configuration": [],
            "tags": {},
            "versioning": [
              {
                "enabled": false,
                "mfa_delete": false
              }
            ],
            "website": [],
            "website_domain": null,
            "website_endpoint": null
          }
        }
      ]
    },
    {
      "mode": "managed",
      "type": "aws_s3_bucket_object",
      "name": "object",
      "provider": "provider.aws",
      "instances": [
        {
          "schema_version": 0,
          "attributes": {
            "acl": "private",
            "bucket": "shivangibucket777777",
            "cache_control": "",
            "content": null,
            "content_base64": null,
            "content_disposition": "",
            "content_encoding": "",
            "content_language": "",
            "content_type": "binary/octet-stream",
            "etag": "7526b28f22ed1ad9647637028b56f240",
            "force_destroy": false,
            "id": "img.jpg",
            "key": "img.jpg",
            "kms_key_id": null,
            "metadata": {},
            "object_lock_legal_hold_status": "",
            "object_lock_mode": "",
            "object_lock_retain_until_date": "",
            "server_side_encryption": "",
            "source": "F:/HCC/terra/img/img.jpg",
            "storage_class": "STANDARD",
            "tags": {},
            "version_id": "",
            "website_redirect": ""
          },
          "private": "bnVsbA==",
          "dependencies": [
            "aws_s3_bucket.b"
          ]
        }
      ]
    },
    {
      "mode": "managed",
      "type": "aws_security_group",
      "name": "http_allow",
      "provider": "provider.aws",
      "instances": [
        {
          "schema_version": 1,
          "attributes": {
            "arn": "arn:aws:ec2:ap-south-1:003832909463:security-group/sg-039359fd5fda1da80",
            "description": "Allow inbound traffic",
            "egress": [
              {
                "cidr_blocks": [
                  "0.0.0.0/0"
                ],
                "description": "",
                "from_port": 0,
                "ipv6_cidr_blocks": [],
                "prefix_list_ids": [],
                "protocol": "-1",
                "security_groups": [],
                "self": false,
                "to_port": 0
              }
            ],
            "id": "sg-039359fd5fda1da80",
            "ingress": [
              {
                "cidr_blocks": [
                  "0.0.0.0/0"
                ],
                "description": "HTTP ingress",
                "from_port": 80,
                "ipv6_cidr_blocks": [],
                "prefix_list_ids": [],
                "protocol": "tcp",
                "security_groups": [],
                "self": false,
                "to_port": 80
              },
              {
                "cidr_blocks": [
                  "0.0.0.0/0"
                ],
                "description": "SSH",
                "from_port": 22,
                "ipv6_cidr_blocks": [],
                "prefix_list_ids": [],
                "protocol": "tcp",
                "security_groups": [],
                "self": false,
                "to_port": 22
              },
              {
                "cidr_blocks": [
                  "0.0.0.0/0"
                ],
                "description": "jenkins",
                "from_port": 8080,
                "ipv6_cidr_blocks": [],
                "prefix_list_ids": [],
                "protocol": "tcp",
                "security_groups": [],
                "self": false,
                "to_port": 8080
              }
            ],
            "name": "http_allow",
            "name_prefix": null,
            "owner_id": "003832909463",
            "revoke_rules_on_delete": false,
            "tags": {
              "Name": "allow_http"
            },
            "timeouts": null,
            "vpc_id": "vpc-94e1fcfc"
          },
          "private": "eyJlMmJmYjczMC1lY2FhLTExZTYtOGY4OC0zNDM2M2JjN2M0YzAiOnsiY3JlYXRlIjo2MDAwMDAwMDAwMDAsImRlbGV0ZSI6NjAwMDAwMDAwMDAwfSwic2NoZW1hX3ZlcnNpb24iOiIxIn0="
        }
      ]
    },
    {
      "mode": "managed",
      "type": "aws_volume_attachment",
      "name": "web_ebs_attach",
      "provider": "provider.aws",
      "instances": [
        {
          "schema_version": 0,
          "attributes": {
            "device_name": "/dev/sdh",
            "force_detach": true,
            "id": "vai-3336077419",
            "instance_id": "i-0f8663f5b12da067c",
            "skip_destroy": null,
            "volume_id": "vol-011d512559b310bc6"
          },
          "private": "bnVsbA==",
          "dependencies": [
            "aws_ebs_volume.web_ebs",
            "aws_instance.web",
            "aws_key_pair.generated_key",
            "aws_security_group.http_allow",
            "local_file.deploy-key",
            "tls_private_key.key"
          ]
        }
      ]
    },
    {
      "mode": "managed",
      "type": "local_file",
      "name": "deploy-key",
      "provider": "provider.local",
      "instances": [
        {
          "schema_version": 0,
          "attributes": {
            "content": "-----BEGIN RSA PRIVATE KEY-----\nMIIJKAIBAAKCAgEAqSyrGM3JDxvwjw8VKhVchYtrd8HimUXk0S9dY+a4HCpbdFil\nxcnW2gJmn/7TA4cGRqqkU88AMWxx+XzHmtHHagajmNQe4W8TepyediWO9glNGWPD\n95XzIHNgOabnFPKIxauyRedD47ePM5fWYujESgLdUlWREQo9mX5UZ03YIcNxZVkw\n1RB+Rq5nwfkalkwQAi794LtBlkR/I0JZPkcGo7X8vEPjjYQPcR+50ku7lP1BmM2x\n/WU+eiUpRFIAlW1WPK+T7gn2I0Ctl87FMOTFfv2LleBmKo0VI7GW+hIf0A4xHPbB\nsXmdWrOa7qUfwuQywDORei7pelYzxuSFPlUM3k5pUOxyJtqRab53opzm6A5V1owU\n7VJOudYvHRyoEPEBBPdzKcOOXrBoCy0fm1kgmlv/NQW+FabfU7nTxIMEB7T+m/HR\n/H9JyhSxMlOw+quexCMqqzgzrPkFjKheK2RCTg+BmBY8lI1Ucd/zKVBr6pofU44c\n1v2XcJENfGQTx2YavFkYDrxVhb2FVfIaQeHMwzjiE6uuCVi5VmrX6Xab+r1r58no\n6qYsRWKO83eHhsj9hGAt12H+0OM4JRtBpTRva8k9jHbhKSI3Y0kw4i1Gm6X7hVBi\niVEjjTYAvifzaouahltEZ7A8PKTnu9GeAy2B1/0jlIkBrNNoYEwGVAGdpP0CAwEA\nAQKCAgB4uO5zqc3zYT296MZynIHErqQG9q2sMMtDV2hudOMm/jb7BJNvXERcmGAB\nhoewObeJ0BWp1MrPehKvNZL+8Po7t/cghSZwOqKM2ZzetJibDDIfjyj10eSIYKzn\nFypJsXVWkdqKtailpISlDZIoTPBd3ENxkKwPm94vXY3/lfZIyb5u00HcmYNzDtvt\n+MQ3Qpod5Mi4iQgZolGTqLIkleywAJsVAeEtSHL4h+pDnlWC0WLxFsAQEiKOaVxU\na6wM9dQXRDftIuCpcWsvLJdc97PTljz4vARMExdlvEH/u9VF1ArKH3BDJITch9Rk\nviK3Ib7xlxsWNMnZyg/yu3o1691c0S+Gjee09WhqWdt6uY9HltljBDAR/UgbMHQN\nJxTz+B0p0znUr0QI5sp9AhRq6YhUcgJxdiP+C14hc3zHS+gH7Wn3+RJ75Q1FmwmS\n742rTHEZ+tnoLdbC99aXQ+D5LnYntrfc3dJfYGjWLssC95rlOeNBXPSLZTOuh6QP\nPZx7a5oNSHIPYRerO2fELMTIxUKlCzaLqwpZdnmYnqE6cgv3KOVzCd04wj+xSTFM\nc1DqH82bbwcNDiwDLPP3z6pCUzQJiYNUUM8HhBzBdeL4Yb4InGhE0/ZlQ6Oi6fjx\nWjaf1EpnBRal/jynbEoltXx4uUAeNHAsO2lNiTkO7gRaPZ1wIQKCAQEAyZYdzbGf\nl1vpsRA19vc9PTpp18yHWUL9KsGH3D64dZTwJf6LA8z7YKReMKsyFIFASHs/GoHP\n6aL68Hi+DA85YwMLXL6P/z5tCLdhA1sjwlu58Rzc4TuxwkNRimqG6Naphzq/mIiI\nEbHl9+IRbNYjeoxFbEy/c7KQxfwcwQ9cDsWwXc5IitoReR8AoVaowMHBD+Q6+iqA\nqgNIrMIBKakhm3OayKjvw7LG8Io98P3/pmShgrGOv/GfxbGuHOuVtnZlUZWAVhZU\nMgWy9opbvTgh0BFLiUCHrqtGMEPB5y+0pgmv0lWIJqOruGYrH4hZXgY0WgPfC6i5\nVxOjM+bIUolg5QKCAQEA1tbYxTJnUkmj4iC/QsD2defmLGRCfohvtVh0q4I4Ddl5\nFRJUl815NrrY7CJzKkwEQmO0n1pmZneepENKmcCaEaoVPkBJ2N/pxO8a8tkUAVm7\nhM3ew1CW0B/pVWxi70kff+5pL4BQPDOiursBghV6/MeG7hFy7XQn+1sUthLWZm1A\n0wfpouFWxIdEThUA9AGvRNnKTJiW5M9Qv3MNOe90BMvCeVoyYeZsKby6iUtJZWRK\njf19gpZAh7gQxmn5i2SUKbayU8e8u1B1zCGjX+PEKfUDeDa38x42KjCkf9MQkVCk\ns/Avvgs0DZ7QAPrHlbTSsZQXoPl1W4y94zXk9AOqOQKCAQBanEFVPevwSv4l+pVn\nJwa9yM3elC6absQBPfBljUO4hnPTgDDYSoELlZZI5gqisN5GNi/NKGBeMkX9ZSh3\nnzg6SxoGXBm5r0OvUU4oBgVyzWws9r5J910VZtD2GJ//dM3K3RtV4rjWy1IFM/aF\nJ1PXN8nUvkKoLLFqbMI3/UFx2mZGI/zzfMWx3b+Yxa0gx3aSQBJKdGRVBxjZnnKL\nWVyj1TjTzSvImUlWwazJ8EHDdyQp7MmveVpJsG4EzdgDpgAwxbRj/bFmsq0YqGRI\nDz0Tm1KKpRjX6GCqPSqhUg4vO9duAcgrJhJ/1ly31b/lxYAuneLaCMMWYttO7wNI\nJjwJAoIBAQCkK0k6Z2nM17kD80I0IIA1WR/qjDLDvj6etRlyde+fpa+BCqDZ34ng\n6Kcayrh2eeBHWymLG+lkI8R2gXVgSG1zUiUpjLbhozlf49cT/A3tekRxF2BCoDKe\nl8QWItz3PUl02RpH0iV923deeciNPxzcTRwuj+bizQBAczlAaOStII+Is2M1tDw5\nsaPghuxTiXYFhuev4GpuLn3lzmUtAG4HvCy/zszxQsMkobNpdr5/XEQcfLiMMYTe\nMSmgdRrcCd+ugI2Et/zgpntdodbWT5Z2+WPNWQL4JP3+/2y0wPTIFnfFiKTy9Fyy\ni8km9nvNSoA2cpQbzoR/kO0J0wVB8gsBAoIBAFr6AB4bXfR8LbKr/YmjN8C1Nw1Z\n64W6lk2P5Medxa1nc5D06Oz0FBDMkyOMAye5Bihp7Fu+BgWYKKq5L7MmVotXR/vb\niz79TnpKPo1qU+KiK42UtWWTO3jS6Gc9c688fBIYQIFBIVATOMW7ac78mFQTJHid\noNEaEeRufEjq6Lw3tDg/PbjgukQnwQ5vBBoZMvT6NBWykh7XzfbFf4tWnETndWxV\ncU8pIfy0sTZ9WSznFrabOPeiKZWqEJ0P8cdvdY3AVxOf+n5OfilS5m4299yM2tbP\nn77ipsL/z2jYFY2IslUuWPf5H9efHE1rvUC0p6+lLsyhT84zZk03PrA/D8E=\n-----END RSA PRIVATE KEY-----\n",
            "content_base64": null,
            "directory_permission": "0777",
            "file_permission": "0777",
            "filename": "C:/Users/Shivangi/Downloads/AWS-keys/deploy-key.pem",
            "id": "9061408bbdf645c3326f5d2a9b1e6b78248907a3",
            "sensitive_content": null
          },
          "private": "bnVsbA==",
          "dependencies": [
            "aws_key_pair.generated_key",
            "aws_security_group.http_allow",
            "tls_private_key.key"
          ]
        }
      ]
    },
    {
      "mode": "managed",
      "type": "null_resource",
      "name": "null1",
      "provider": "provider.null",
      "instances": [
        {
          "schema_version": 0,
          "attributes": {
            "id": "984926046250087228",
            "triggers": null
          },
          "dependencies": [
            "aws_ebs_volume.web_ebs",
            "aws_instance.web",
            "aws_key_pair.generated_key",
            "aws_security_group.http_allow",
            "aws_volume_attachment.web_ebs_attach",
            "local_file.deploy-key",
            "tls_private_key.key"
          ]
        }
      ]
    },
    {
      "mode": "managed",
      "type": "null_resource",
      "name": "null2",
      "provider": "provider.null",
      "instances": [
        {
          "schema_version": 0,
          "attributes": {
            "id": "2059977284747166929",
            "triggers": null
          },
          "dependencies": [
            "aws_cloudfront_distribution.s3_distribution",
            "aws_cloudfront_origin_access_identity.origin_access_identity",
            "aws_ebs_volume.web_ebs",
            "aws_instance.web",
            "aws_key_pair.generated_key",
            "aws_s3_bucket.b",
            "aws_security_group.http_allow",
            "aws_volume_attachment.web_ebs_attach",
            "local_file.deploy-key",
            "null_resource.null1",
            "tls_private_key.key"
          ]
        }
      ]
    },
    {
      "mode": "managed",
      "type": "tls_private_key",
      "name": "key",
      "provider": "provider.tls",
      "instances": [
        {
          "schema_version": 0,
          "attributes": {
            "algorithm": "RSA",
            "ecdsa_curve": "P224",
            "id": "6458ad4b7791301bc288fa4c6f263b0c6f6cd3ba",
            "private_key_pem": "-----BEGIN RSA PRIVATE KEY-----\nMIIJKAIBAAKCAgEAqSyrGM3JDxvwjw8VKhVchYtrd8HimUXk0S9dY+a4HCpbdFil\nxcnW2gJmn/7TA4cGRqqkU88AMWxx+XzHmtHHagajmNQe4W8TepyediWO9glNGWPD\n95XzIHNgOabnFPKIxauyRedD47ePM5fWYujESgLdUlWREQo9mX5UZ03YIcNxZVkw\n1RB+Rq5nwfkalkwQAi794LtBlkR/I0JZPkcGo7X8vEPjjYQPcR+50ku7lP1BmM2x\n/WU+eiUpRFIAlW1WPK+T7gn2I0Ctl87FMOTFfv2LleBmKo0VI7GW+hIf0A4xHPbB\nsXmdWrOa7qUfwuQywDORei7pelYzxuSFPlUM3k5pUOxyJtqRab53opzm6A5V1owU\n7VJOudYvHRyoEPEBBPdzKcOOXrBoCy0fm1kgmlv/NQW+FabfU7nTxIMEB7T+m/HR\n/H9JyhSxMlOw+quexCMqqzgzrPkFjKheK2RCTg+BmBY8lI1Ucd/zKVBr6pofU44c\n1v2XcJENfGQTx2YavFkYDrxVhb2FVfIaQeHMwzjiE6uuCVi5VmrX6Xab+r1r58no\n6qYsRWKO83eHhsj9hGAt12H+0OM4JRtBpTRva8k9jHbhKSI3Y0kw4i1Gm6X7hVBi\niVEjjTYAvifzaouahltEZ7A8PKTnu9GeAy2B1/0jlIkBrNNoYEwGVAGdpP0CAwEA\nAQKCAgB4uO5zqc3zYT296MZynIHErqQG9q2sMMtDV2hudOMm/jb7BJNvXERcmGAB\nhoewObeJ0BWp1MrPehKvNZL+8Po7t/cghSZwOqKM2ZzetJibDDIfjyj10eSIYKzn\nFypJsXVWkdqKtailpISlDZIoTPBd3ENxkKwPm94vXY3/lfZIyb5u00HcmYNzDtvt\n+MQ3Qpod5Mi4iQgZolGTqLIkleywAJsVAeEtSHL4h+pDnlWC0WLxFsAQEiKOaVxU\na6wM9dQXRDftIuCpcWsvLJdc97PTljz4vARMExdlvEH/u9VF1ArKH3BDJITch9Rk\nviK3Ib7xlxsWNMnZyg/yu3o1691c0S+Gjee09WhqWdt6uY9HltljBDAR/UgbMHQN\nJxTz+B0p0znUr0QI5sp9AhRq6YhUcgJxdiP+C14hc3zHS+gH7Wn3+RJ75Q1FmwmS\n742rTHEZ+tnoLdbC99aXQ+D5LnYntrfc3dJfYGjWLssC95rlOeNBXPSLZTOuh6QP\nPZx7a5oNSHIPYRerO2fELMTIxUKlCzaLqwpZdnmYnqE6cgv3KOVzCd04wj+xSTFM\nc1DqH82bbwcNDiwDLPP3z6pCUzQJiYNUUM8HhBzBdeL4Yb4InGhE0/ZlQ6Oi6fjx\nWjaf1EpnBRal/jynbEoltXx4uUAeNHAsO2lNiTkO7gRaPZ1wIQKCAQEAyZYdzbGf\nl1vpsRA19vc9PTpp18yHWUL9KsGH3D64dZTwJf6LA8z7YKReMKsyFIFASHs/GoHP\n6aL68Hi+DA85YwMLXL6P/z5tCLdhA1sjwlu58Rzc4TuxwkNRimqG6Naphzq/mIiI\nEbHl9+IRbNYjeoxFbEy/c7KQxfwcwQ9cDsWwXc5IitoReR8AoVaowMHBD+Q6+iqA\nqgNIrMIBKakhm3OayKjvw7LG8Io98P3/pmShgrGOv/GfxbGuHOuVtnZlUZWAVhZU\nMgWy9opbvTgh0BFLiUCHrqtGMEPB5y+0pgmv0lWIJqOruGYrH4hZXgY0WgPfC6i5\nVxOjM+bIUolg5QKCAQEA1tbYxTJnUkmj4iC/QsD2defmLGRCfohvtVh0q4I4Ddl5\nFRJUl815NrrY7CJzKkwEQmO0n1pmZneepENKmcCaEaoVPkBJ2N/pxO8a8tkUAVm7\nhM3ew1CW0B/pVWxi70kff+5pL4BQPDOiursBghV6/MeG7hFy7XQn+1sUthLWZm1A\n0wfpouFWxIdEThUA9AGvRNnKTJiW5M9Qv3MNOe90BMvCeVoyYeZsKby6iUtJZWRK\njf19gpZAh7gQxmn5i2SUKbayU8e8u1B1zCGjX+PEKfUDeDa38x42KjCkf9MQkVCk\ns/Avvgs0DZ7QAPrHlbTSsZQXoPl1W4y94zXk9AOqOQKCAQBanEFVPevwSv4l+pVn\nJwa9yM3elC6absQBPfBljUO4hnPTgDDYSoELlZZI5gqisN5GNi/NKGBeMkX9ZSh3\nnzg6SxoGXBm5r0OvUU4oBgVyzWws9r5J910VZtD2GJ//dM3K3RtV4rjWy1IFM/aF\nJ1PXN8nUvkKoLLFqbMI3/UFx2mZGI/zzfMWx3b+Yxa0gx3aSQBJKdGRVBxjZnnKL\nWVyj1TjTzSvImUlWwazJ8EHDdyQp7MmveVpJsG4EzdgDpgAwxbRj/bFmsq0YqGRI\nDz0Tm1KKpRjX6GCqPSqhUg4vO9duAcgrJhJ/1ly31b/lxYAuneLaCMMWYttO7wNI\nJjwJAoIBAQCkK0k6Z2nM17kD80I0IIA1WR/qjDLDvj6etRlyde+fpa+BCqDZ34ng\n6Kcayrh2eeBHWymLG+lkI8R2gXVgSG1zUiUpjLbhozlf49cT/A3tekRxF2BCoDKe\nl8QWItz3PUl02RpH0iV923deeciNPxzcTRwuj+bizQBAczlAaOStII+Is2M1tDw5\nsaPghuxTiXYFhuev4GpuLn3lzmUtAG4HvCy/zszxQsMkobNpdr5/XEQcfLiMMYTe\nMSmgdRrcCd+ugI2Et/zgpntdodbWT5Z2+WPNWQL4JP3+/2y0wPTIFnfFiKTy9Fyy\ni8km9nvNSoA2cpQbzoR/kO0J0wVB8gsBAoIBAFr6AB4bXfR8LbKr/YmjN8C1Nw1Z\n64W6lk2P5Medxa1nc5D06Oz0FBDMkyOMAye5Bihp7Fu+BgWYKKq5L7MmVotXR/vb\niz79TnpKPo1qU+KiK42UtWWTO3jS6Gc9c688fBIYQIFBIVATOMW7ac78mFQTJHid\noNEaEeRufEjq6Lw3tDg/PbjgukQnwQ5vBBoZMvT6NBWykh7XzfbFf4tWnETndWxV\ncU8pIfy0sTZ9WSznFrabOPeiKZWqEJ0P8cdvdY3AVxOf+n5OfilS5m4299yM2tbP\nn77ipsL/z2jYFY2IslUuWPf5H9efHE1rvUC0p6+lLsyhT84zZk03PrA/D8E=\n-----END RSA PRIVATE KEY-----\n",
            "public_key_fingerprint_md5": "94:52:6f:ef:22:2f:d7:69:eb:07:47:27:ac:5e:31:1a",
            "public_key_openssh": "ssh-rsa AAAAB3NzaC1yc2EAAAADAQABAAACAQCpLKsYzckPG/CPDxUqFVyFi2t3weKZReTRL11j5rgcKlt0WKXFydbaAmaf/tMDhwZGqqRTzwAxbHH5fMea0cdqBqOY1B7hbxN6nJ52JY72CU0ZY8P3lfMgc2A5pucU8ojFq7JF50Pjt48zl9Zi6MRKAt1SVZERCj2ZflRnTdghw3FlWTDVEH5GrmfB+RqWTBACLv3gu0GWRH8jQlk+Rwajtfy8Q+ONhA9xH7nSS7uU/UGYzbH9ZT56JSlEUgCVbVY8r5PuCfYjQK2XzsUw5MV+/YuV4GYqjRUjsZb6Eh/QDjEc9sGxeZ1as5rupR/C5DLAM5F6Lul6VjPG5IU+VQzeTmlQ7HIm2pFpvneinOboDlXWjBTtUk651i8dHKgQ8QEE93Mpw45esGgLLR+bWSCaW/81Bb4Vpt9TudPEgwQHtP6b8dH8f0nKFLEyU7D6q57EIyqrODOs+QWMqF4rZEJOD4GYFjyUjVRx3/MpUGvqmh9TjhzW/ZdwkQ18ZBPHZhq8WRgOvFWFvYVV8hpB4czDOOITq64JWLlWatfpdpv6vWvnyejqpixFYo7zd4eGyP2EYC3XYf7Q4zglG0GlNG9ryT2MduEpIjdjSTDiLUabpfuFUGKJUSONNgC+J/Nqi5qGW0RnsDw8pOe70Z4DLYHX/SOUiQGs02hgTAZUAZ2k/Q==\n",
            "public_key_pem": "-----BEGIN PUBLIC KEY-----\nMIICIjANBgkqhkiG9w0BAQEFAAOCAg8AMIICCgKCAgEAqSyrGM3JDxvwjw8VKhVc\nhYtrd8HimUXk0S9dY+a4HCpbdFilxcnW2gJmn/7TA4cGRqqkU88AMWxx+XzHmtHH\nagajmNQe4W8TepyediWO9glNGWPD95XzIHNgOabnFPKIxauyRedD47ePM5fWYujE\nSgLdUlWREQo9mX5UZ03YIcNxZVkw1RB+Rq5nwfkalkwQAi794LtBlkR/I0JZPkcG\no7X8vEPjjYQPcR+50ku7lP1BmM2x/WU+eiUpRFIAlW1WPK+T7gn2I0Ctl87FMOTF\nfv2LleBmKo0VI7GW+hIf0A4xHPbBsXmdWrOa7qUfwuQywDORei7pelYzxuSFPlUM\n3k5pUOxyJtqRab53opzm6A5V1owU7VJOudYvHRyoEPEBBPdzKcOOXrBoCy0fm1kg\nmlv/NQW+FabfU7nTxIMEB7T+m/HR/H9JyhSxMlOw+quexCMqqzgzrPkFjKheK2RC\nTg+BmBY8lI1Ucd/zKVBr6pofU44c1v2XcJENfGQTx2YavFkYDrxVhb2FVfIaQeHM\nwzjiE6uuCVi5VmrX6Xab+r1r58no6qYsRWKO83eHhsj9hGAt12H+0OM4JRtBpTRv\na8k9jHbhKSI3Y0kw4i1Gm6X7hVBiiVEjjTYAvifzaouahltEZ7A8PKTnu9GeAy2B\n1/0jlIkBrNNoYEwGVAGdpP0CAwEAAQ==\n-----END PUBLIC KEY-----\n",
            "rsa_bits": 4096
          },
          "private": "bnVsbA=="
        }
      ]
    }
  ]
}
